# THIS IS AN AUTOGENERATED FILE. DO NOT EDIT THIS FILE DIRECTLY.
# yarn lockfile v1


"@djot/djot@^0.3.1":
  version "0.3.1"
  resolved "https://registry.yarnpkg.com/@djot/djot/-/djot-0.3.1.tgz#9809897bb9b882d87d7d27976dd5fdb35e02af0b"
  integrity sha512-jFYDPI8xLo7lz4V28ZaGRW+0E6lhRPijxNEb6Dj00Vo8twCd4Yb0A7Fug8clYTe1Le2ghl/uUcKGGTsN/avmHA==

"@lezer/common@^1.0.0":
  version "1.2.1"
  resolved "https://registry.yarnpkg.com/@lezer/common/-/common-1.2.1.tgz#198b278b7869668e1bebbe687586e12a42731049"
  integrity sha512-yemX0ZD2xS/73llMZIK6KplkjIjf2EvAHcinDi/TfJ9hS25G0388+ClHt6/3but0oOxinTcQHJLDXh6w1crzFQ==

"@lezer/lr@^1.0.0":
  version "1.4.0"
  resolved "https://registry.yarnpkg.com/@lezer/lr/-/lr-1.4.0.tgz#ed52a75dbbfbb0d1eb63710ea84c35ee647cb67e"
  integrity sha512-Wst46p51km8gH0ZUmeNrtpRYmdlRHUpN1DQd3GFAyKANi8WVz8c2jHYTf1CVScFaCjQw1iO3ZZdqGDxQPRErTg==
  dependencies:
    "@lezer/common" "^1.0.0"

"@lmdb/lmdb-darwin-arm64@2.8.5":
  version "2.8.5"
  resolved "https://registry.yarnpkg.com/@lmdb/lmdb-darwin-arm64/-/lmdb-darwin-arm64-2.8.5.tgz#895d8cb16a9d709ce5fedd8b60022903b875e08e"
  integrity sha512-KPDeVScZgA1oq0CiPBcOa3kHIqU+pTOwRFDIhxvmf8CTNvqdZQYp5cCKW0bUk69VygB2PuTiINFWbY78aR2pQw==

"@lmdb/lmdb-darwin-x64@2.8.5":
  version "2.8.5"
  resolved "https://registry.yarnpkg.com/@lmdb/lmdb-darwin-x64/-/lmdb-darwin-x64-2.8.5.tgz#ca243534c8b37d5516c557e4624256d18dd63184"
  integrity sha512-w/sLhN4T7MW1nB3R/U8WK5BgQLz904wh+/SmA2jD8NnF7BLLoUgflCNxOeSPOWp8geP6nP/+VjWzZVip7rZ1ug==

"@lmdb/lmdb-linux-arm64@2.8.5":
  version "2.8.5"
  resolved "https://registry.yarnpkg.com/@lmdb/lmdb-linux-arm64/-/lmdb-linux-arm64-2.8.5.tgz#b44a8023057e21512eefb9f6120096843b531c1e"
  integrity sha512-vtbZRHH5UDlL01TT5jB576Zox3+hdyogvpcbvVJlmU5PdL3c5V7cj1EODdh1CHPksRl+cws/58ugEHi8bcj4Ww==

"@lmdb/lmdb-linux-arm@2.8.5":
  version "2.8.5"
  resolved "https://registry.yarnpkg.com/@lmdb/lmdb-linux-arm/-/lmdb-linux-arm-2.8.5.tgz#17bd54740779c3e4324e78e8f747c21416a84b3d"
  integrity sha512-c0TGMbm2M55pwTDIfkDLB6BpIsgxV4PjYck2HiOX+cy/JWiBXz32lYbarPqejKs9Flm7YVAKSILUducU9g2RVg==

"@lmdb/lmdb-linux-x64@2.8.5":
  version "2.8.5"
  resolved "https://registry.yarnpkg.com/@lmdb/lmdb-linux-x64/-/lmdb-linux-x64-2.8.5.tgz#6c61835b6cc58efdf79dbd5e8c72a38300a90302"
  integrity sha512-Xkc8IUx9aEhP0zvgeKy7IQ3ReX2N8N1L0WPcQwnZweWmOuKfwpS3GRIYqLtK5za/w3E60zhFfNdS+3pBZPytqQ==

"@lmdb/lmdb-win32-x64@2.8.5":
  version "2.8.5"
  resolved "https://registry.yarnpkg.com/@lmdb/lmdb-win32-x64/-/lmdb-win32-x64-2.8.5.tgz#8233e8762440b0f4632c47a09b1b6f23de8b934c"
  integrity sha512-4wvrf5BgnR8RpogHhtpCPJMKBmvyZPhhUtEwMJbXh0ni2BucpfF07jlmyM11zRqQ2XIq6PbC2j7W7UCCcm1rRQ==

"@mischnic/json-sourcemap@^0.1.0":
  version "0.1.1"
  resolved "https://registry.yarnpkg.com/@mischnic/json-sourcemap/-/json-sourcemap-0.1.1.tgz#0ef9b015a8f575dd9a8720d9a6b4dbc988425906"
  integrity sha512-iA7+tyVqfrATAIsIRWQG+a7ZLLD0VaOCKV2Wd/v4mqIU3J9c4jx9p7S0nw1XH3gJCKNBOOwACOPYYSUu9pgT+w==
  dependencies:
    "@lezer/common" "^1.0.0"
    "@lezer/lr" "^1.0.0"
    json5 "^2.2.1"

"@msgpackr-extract/msgpackr-extract-darwin-arm64@3.0.2":
  version "3.0.2"
  resolved "https://registry.yarnpkg.com/@msgpackr-extract/msgpackr-extract-darwin-arm64/-/msgpackr-extract-darwin-arm64-3.0.2.tgz#44d752c1a2dc113f15f781b7cc4f53a307e3fa38"
  integrity sha512-9bfjwDxIDWmmOKusUcqdS4Rw+SETlp9Dy39Xui9BEGEk19dDwH0jhipwFzEff/pFg95NKymc6TOTbRKcWeRqyQ==

"@msgpackr-extract/msgpackr-extract-darwin-x64@3.0.2":
  version "3.0.2"
  resolved "https://registry.yarnpkg.com/@msgpackr-extract/msgpackr-extract-darwin-x64/-/msgpackr-extract-darwin-x64-3.0.2.tgz#f954f34355712212a8e06c465bc06c40852c6bb3"
  integrity sha512-lwriRAHm1Yg4iDf23Oxm9n/t5Zpw1lVnxYU3HnJPTi2lJRkKTrps1KVgvL6m7WvmhYVt/FIsssWay+k45QHeuw==

"@msgpackr-extract/msgpackr-extract-linux-arm64@3.0.2":
  version "3.0.2"
  resolved "https://registry.yarnpkg.com/@msgpackr-extract/msgpackr-extract-linux-arm64/-/msgpackr-extract-linux-arm64-3.0.2.tgz#45c63037f045c2b15c44f80f0393fa24f9655367"
  integrity sha512-FU20Bo66/f7He9Fp9sP2zaJ1Q8L9uLPZQDub/WlUip78JlPeMbVL8546HbZfcW9LNciEXc8d+tThSJjSC+tmsg==

"@msgpackr-extract/msgpackr-extract-linux-arm@3.0.2":
  version "3.0.2"
  resolved "https://registry.yarnpkg.com/@msgpackr-extract/msgpackr-extract-linux-arm/-/msgpackr-extract-linux-arm-3.0.2.tgz#35707efeafe6d22b3f373caf9e8775e8920d1399"
  integrity sha512-MOI9Dlfrpi2Cuc7i5dXdxPbFIgbDBGgKR5F2yWEa6FVEtSWncfVNKW5AKjImAQ6CZlBK9tympdsZJ2xThBiWWA==

"@msgpackr-extract/msgpackr-extract-linux-x64@3.0.2":
  version "3.0.2"
  resolved "https://registry.yarnpkg.com/@msgpackr-extract/msgpackr-extract-linux-x64/-/msgpackr-extract-linux-x64-3.0.2.tgz#091b1218b66c341f532611477ef89e83f25fae4f"
  integrity sha512-gsWNDCklNy7Ajk0vBBf9jEx04RUxuDQfBse918Ww+Qb9HCPoGzS+XJTLe96iN3BVK7grnLiYghP/M4L8VsaHeA==

"@msgpackr-extract/msgpackr-extract-win32-x64@3.0.2":
  version "3.0.2"
  resolved "https://registry.yarnpkg.com/@msgpackr-extract/msgpackr-extract-win32-x64/-/msgpackr-extract-win32-x64-3.0.2.tgz#0f164b726869f71da3c594171df5ebc1c4b0a407"
  integrity sha512-O+6Gs8UeDbyFpbSh2CPEz/UOrrdWPTBYNblZK5CxxLisYt4kGX3Sc+czffFonyjiGSq3jWLwJS/CCJc7tBr4sQ==

"@parcel/cache@2.12.0":
  version "2.12.0"
  resolved "https://registry.yarnpkg.com/@parcel/cache/-/cache-2.12.0.tgz#b8fd2ea2bc7a2353a9b20344cc191bfb4f8284f3"
  integrity sha512-FX5ZpTEkxvq/yvWklRHDESVRz+c7sLTXgFuzz6uEnBcXV38j6dMSikflNpHA6q/L4GKkCqRywm9R6XQwhwIMyw==
  dependencies:
    "@parcel/fs" "2.12.0"
    "@parcel/logger" "2.12.0"
    "@parcel/utils" "2.12.0"
    lmdb "2.8.5"

"@parcel/codeframe@2.12.0":
  version "2.12.0"
  resolved "https://registry.yarnpkg.com/@parcel/codeframe/-/codeframe-2.12.0.tgz#9ea75bd7ae6c5f7fadf42a5e64657cf88fdcb29e"
  integrity sha512-v2VmneILFiHZJTxPiR7GEF1wey1/IXPdZMcUlNXBiPZyWDfcuNgGGVQkx/xW561rULLIvDPharOMdxz5oHOKQg==
  dependencies:
    chalk "^4.1.0"

"@parcel/diagnostic@2.12.0":
  version "2.12.0"
  resolved "https://registry.yarnpkg.com/@parcel/diagnostic/-/diagnostic-2.12.0.tgz#b38057d819ea2edc32018a1d51df434f07840be9"
  integrity sha512-8f1NOsSFK+F4AwFCKynyIu9Kr/uWHC+SywAv4oS6Bv3Acig0gtwUjugk0C9UaB8ztBZiW5TQZhw+uPZn9T/lJA==
  dependencies:
    "@mischnic/json-sourcemap" "^0.1.0"
    nullthrows "^1.1.1"

"@parcel/events@2.12.0":
  version "2.12.0"
  resolved "https://registry.yarnpkg.com/@parcel/events/-/events-2.12.0.tgz#ef67e3fbb96806b3531a37bcf95e8fbb3818ffa2"
  integrity sha512-nmAAEIKLjW1kB2cUbCYSmZOGbnGj8wCzhqnK727zCCWaA25ogzAtt657GPOeFyqW77KyosU728Tl63Fc8hphIA==

"@parcel/fs@2.12.0":
  version "2.12.0"
  resolved "https://registry.yarnpkg.com/@parcel/fs/-/fs-2.12.0.tgz#8c9029353888311ba2e9e2198dbe6c7c1da635c0"
  integrity sha512-NnFkuvou1YBtPOhTdZr44WN7I60cGyly2wpHzqRl62yhObyi1KvW0SjwOMa0QGNcBOIzp4G0CapoZ93hD0RG5Q==
  dependencies:
    "@parcel/rust" "2.12.0"
    "@parcel/types" "2.12.0"
    "@parcel/utils" "2.12.0"
    "@parcel/watcher" "^2.0.7"
    "@parcel/workers" "2.12.0"

"@parcel/logger@2.12.0":
  version "2.12.0"
  resolved "https://registry.yarnpkg.com/@parcel/logger/-/logger-2.12.0.tgz#0b866b7aee8a0a462596a80cd46bd8b29c318758"
  integrity sha512-cJ7Paqa7/9VJ7C+KwgJlwMqTQBOjjn71FbKk0G07hydUEBISU2aDfmc/52o60ErL9l+vXB26zTrIBanbxS8rVg==
  dependencies:
    "@parcel/diagnostic" "2.12.0"
    "@parcel/events" "2.12.0"

"@parcel/markdown-ansi@2.12.0":
  version "2.12.0"
  resolved "https://registry.yarnpkg.com/@parcel/markdown-ansi/-/markdown-ansi-2.12.0.tgz#a4301321fa784a28ba817e65e41432fe8b3b3192"
  integrity sha512-WZz3rzL8k0H3WR4qTHX6Ic8DlEs17keO9gtD4MNGyMNQbqQEvQ61lWJaIH0nAtgEetu0SOITiVqdZrb8zx/M7w==
  dependencies:
    chalk "^4.1.0"

"@parcel/node-resolver-core@3.3.0":
  version "3.3.0"
  resolved "https://registry.yarnpkg.com/@parcel/node-resolver-core/-/node-resolver-core-3.3.0.tgz#f40d80de800baa7cf230406b7122c8711ac4cdc8"
  integrity sha512-rhPW9DYPEIqQBSlYzz3S0AjXxjN6Ub2yS6tzzsW/4S3Gpsgk/uEq4ZfxPvoPf/6TgZndVxmKwpmxaKtGMmf3cA==
  dependencies:
    "@mischnic/json-sourcemap" "^0.1.0"
    "@parcel/diagnostic" "2.12.0"
    "@parcel/fs" "2.12.0"
    "@parcel/rust" "2.12.0"
    "@parcel/utils" "2.12.0"
    nullthrows "^1.1.1"
    semver "^7.5.2"

"@parcel/package-manager@2.12.0":
  version "2.12.0"
  resolved "https://registry.yarnpkg.com/@parcel/package-manager/-/package-manager-2.12.0.tgz#7e1eb5f652544e045f7240fa6cf92e5ff1627624"
  integrity sha512-0nvAezcjPx9FT+hIL+LS1jb0aohwLZXct7jAh7i0MLMtehOi0z1Sau+QpgMlA9rfEZZ1LIeFdnZZwqSy7Ccspw==
  dependencies:
    "@parcel/diagnostic" "2.12.0"
    "@parcel/fs" "2.12.0"
    "@parcel/logger" "2.12.0"
    "@parcel/node-resolver-core" "3.3.0"
    "@parcel/types" "2.12.0"
    "@parcel/utils" "2.12.0"
    "@parcel/workers" "2.12.0"
    "@swc/core" "^1.3.36"
    semver "^7.5.2"

"@parcel/plugin@^2.12.0":
  version "2.12.0"
  resolved "https://registry.yarnpkg.com/@parcel/plugin/-/plugin-2.12.0.tgz#3db4237e8977ef5b5378b65eaffb809d2026431a"
  integrity sha512-nc/uRA8DiMoe4neBbzV6kDndh/58a4wQuGKw5oEoIwBCHUvE2W8ZFSu7ollSXUGRzfacTt4NdY8TwS73ScWZ+g==
  dependencies:
    "@parcel/types" "2.12.0"

"@parcel/profiler@2.12.0":
  version "2.12.0"
  resolved "https://registry.yarnpkg.com/@parcel/profiler/-/profiler-2.12.0.tgz#8541ca5d27500aebc843b1de081734442e5ee054"
  integrity sha512-q53fvl5LDcFYzMUtSusUBZSjQrKjMlLEBgKeQHFwkimwR1mgoseaDBDuNz0XvmzDzF1UelJ02TUKCGacU8W2qA==
  dependencies:
    "@parcel/diagnostic" "2.12.0"
    "@parcel/events" "2.12.0"
    chrome-trace-event "^1.0.2"

"@parcel/rust@2.12.0":
  version "2.12.0"
  resolved "https://registry.yarnpkg.com/@parcel/rust/-/rust-2.12.0.tgz#135df4dd8c63d97720379777c5bb4a2680a201cd"
  integrity sha512-005cldMdFZFDPOjbDVEXcINQ3wT4vrxvSavRWI3Az0e3E18exO/x/mW9f648KtXugOXMAqCEqhFHcXECL9nmMw==

"@parcel/source-map@^2.1.1":
  version "2.1.1"
  resolved "https://registry.yarnpkg.com/@parcel/source-map/-/source-map-2.1.1.tgz#fb193b82dba6dd62cc7a76b326f57bb35000a782"
  integrity sha512-Ejx1P/mj+kMjQb8/y5XxDUn4reGdr+WyKYloBljpppUy8gs42T+BNoEOuRYqDVdgPc6NxduzIDoJS9pOFfV5Ew==
  dependencies:
    detect-libc "^1.0.3"

"@parcel/types@2.12.0":
  version "2.12.0"
  resolved "https://registry.yarnpkg.com/@parcel/types/-/types-2.12.0.tgz#caf0af00ee0c7228b350eca5f4d3a5b85ce457ad"
  integrity sha512-8zAFiYNCwNTQcglIObyNwKfRYQK5ELlL13GuBOrSMxueUiI5ylgsGbTS1N7J3dAGZixHO8KhHGv5a71FILn9rQ==
  dependencies:
    "@parcel/cache" "2.12.0"
    "@parcel/diagnostic" "2.12.0"
    "@parcel/fs" "2.12.0"
    "@parcel/package-manager" "2.12.0"
    "@parcel/source-map" "^2.1.1"
    "@parcel/workers" "2.12.0"
    utility-types "^3.10.0"

"@parcel/utils@2.12.0":
  version "2.12.0"
  resolved "https://registry.yarnpkg.com/@parcel/utils/-/utils-2.12.0.tgz#ac900726e7cb12a9e6392081fa05b756183f65fd"
  integrity sha512-z1JhLuZ8QmDaYoEIuUCVZlhcFrS7LMfHrb2OCRui5SQFntRWBH2fNM6H/fXXUkT9SkxcuFP2DUA6/m4+Gkz72g==
  dependencies:
    "@parcel/codeframe" "2.12.0"
    "@parcel/diagnostic" "2.12.0"
    "@parcel/logger" "2.12.0"
    "@parcel/markdown-ansi" "2.12.0"
    "@parcel/rust" "2.12.0"
    "@parcel/source-map" "^2.1.1"
    chalk "^4.1.0"
    nullthrows "^1.1.1"

"@parcel/watcher-android-arm64@2.4.1":
  version "2.4.1"
  resolved "https://registry.yarnpkg.com/@parcel/watcher-android-arm64/-/watcher-android-arm64-2.4.1.tgz#c2c19a3c442313ff007d2d7a9c2c1dd3e1c9ca84"
  integrity sha512-LOi/WTbbh3aTn2RYddrO8pnapixAziFl6SMxHM69r3tvdSm94JtCenaKgk1GRg5FJ5wpMCpHeW+7yqPlvZv7kg==

"@parcel/watcher-darwin-arm64@2.4.1":
  version "2.4.1"
  resolved "https://registry.yarnpkg.com/@parcel/watcher-darwin-arm64/-/watcher-darwin-arm64-2.4.1.tgz#c817c7a3b4f3a79c1535bfe54a1c2818d9ffdc34"
  integrity sha512-ln41eihm5YXIY043vBrrHfn94SIBlqOWmoROhsMVTSXGh0QahKGy77tfEywQ7v3NywyxBBkGIfrWRHm0hsKtzA==

"@parcel/watcher-darwin-x64@2.4.1":
  version "2.4.1"
  resolved "https://registry.yarnpkg.com/@parcel/watcher-darwin-x64/-/watcher-darwin-x64-2.4.1.tgz#1a3f69d9323eae4f1c61a5f480a59c478d2cb020"
  integrity sha512-yrw81BRLjjtHyDu7J61oPuSoeYWR3lDElcPGJyOvIXmor6DEo7/G2u1o7I38cwlcoBHQFULqF6nesIX3tsEXMg==

"@parcel/watcher-freebsd-x64@2.4.1":
  version "2.4.1"
  resolved "https://registry.yarnpkg.com/@parcel/watcher-freebsd-x64/-/watcher-freebsd-x64-2.4.1.tgz#0d67fef1609f90ba6a8a662bc76a55fc93706fc8"
  integrity sha512-TJa3Pex/gX3CWIx/Co8k+ykNdDCLx+TuZj3f3h7eOjgpdKM+Mnix37RYsYU4LHhiYJz3DK5nFCCra81p6g050w==

"@parcel/watcher-linux-arm-glibc@2.4.1":
  version "2.4.1"
  resolved "https://registry.yarnpkg.com/@parcel/watcher-linux-arm-glibc/-/watcher-linux-arm-glibc-2.4.1.tgz#ce5b340da5829b8e546bd00f752ae5292e1c702d"
  integrity sha512-4rVYDlsMEYfa537BRXxJ5UF4ddNwnr2/1O4MHM5PjI9cvV2qymvhwZSFgXqbS8YoTk5i/JR0L0JDs69BUn45YA==

"@parcel/watcher-linux-arm64-glibc@2.4.1":
  version "2.4.1"
  resolved "https://registry.yarnpkg.com/@parcel/watcher-linux-arm64-glibc/-/watcher-linux-arm64-glibc-2.4.1.tgz#6d7c00dde6d40608f9554e73998db11b2b1ff7c7"
  integrity sha512-BJ7mH985OADVLpbrzCLgrJ3TOpiZggE9FMblfO65PlOCdG++xJpKUJ0Aol74ZUIYfb8WsRlUdgrZxKkz3zXWYA==

"@parcel/watcher-linux-arm64-musl@2.4.1":
  version "2.4.1"
  resolved "https://registry.yarnpkg.com/@parcel/watcher-linux-arm64-musl/-/watcher-linux-arm64-musl-2.4.1.tgz#bd39bc71015f08a4a31a47cd89c236b9d6a7f635"
  integrity sha512-p4Xb7JGq3MLgAfYhslU2SjoV9G0kI0Xry0kuxeG/41UfpjHGOhv7UoUDAz/jb1u2elbhazy4rRBL8PegPJFBhA==

"@parcel/watcher-linux-x64-glibc@2.4.1":
  version "2.4.1"
  resolved "https://registry.yarnpkg.com/@parcel/watcher-linux-x64-glibc/-/watcher-linux-x64-glibc-2.4.1.tgz#0ce29966b082fb6cdd3de44f2f74057eef2c9e39"
  integrity sha512-s9O3fByZ/2pyYDPoLM6zt92yu6P4E39a03zvO0qCHOTjxmt3GHRMLuRZEWhWLASTMSrrnVNWdVI/+pUElJBBBg==

"@parcel/watcher-linux-x64-musl@2.4.1":
  version "2.4.1"
  resolved "https://registry.yarnpkg.com/@parcel/watcher-linux-x64-musl/-/watcher-linux-x64-musl-2.4.1.tgz#d2ebbf60e407170bb647cd6e447f4f2bab19ad16"
  integrity sha512-L2nZTYR1myLNST0O632g0Dx9LyMNHrn6TOt76sYxWLdff3cB22/GZX2UPtJnaqQPdCRoszoY5rcOj4oMTtp5fQ==

"@parcel/watcher-win32-arm64@2.4.1":
  version "2.4.1"
  resolved "https://registry.yarnpkg.com/@parcel/watcher-win32-arm64/-/watcher-win32-arm64-2.4.1.tgz#eb4deef37e80f0b5e2f215dd6d7a6d40a85f8adc"
  integrity sha512-Uq2BPp5GWhrq/lcuItCHoqxjULU1QYEcyjSO5jqqOK8RNFDBQnenMMx4gAl3v8GiWa59E9+uDM7yZ6LxwUIfRg==

"@parcel/watcher-win32-ia32@2.4.1":
  version "2.4.1"
  resolved "https://registry.yarnpkg.com/@parcel/watcher-win32-ia32/-/watcher-win32-ia32-2.4.1.tgz#94fbd4b497be39fd5c8c71ba05436927842c9df7"
  integrity sha512-maNRit5QQV2kgHFSYwftmPBxiuK5u4DXjbXx7q6eKjq5dsLXZ4FJiVvlcw35QXzk0KrUecJmuVFbj4uV9oYrcw==

"@parcel/watcher-win32-x64@2.4.1":
  version "2.4.1"
  resolved "https://registry.yarnpkg.com/@parcel/watcher-win32-x64/-/watcher-win32-x64-2.4.1.tgz#4bf920912f67cae5f2d264f58df81abfea68dadf"
  integrity sha512-+DvS92F9ezicfswqrvIRM2njcYJbd5mb9CUgtrHCHmvn7pPPa+nMDRu1o1bYYz/l5IB2NVGNJWiH7h1E58IF2A==

"@parcel/watcher@^2.0.7":
  version "2.4.1"
  resolved "https://registry.yarnpkg.com/@parcel/watcher/-/watcher-2.4.1.tgz#a50275151a1bb110879c6123589dba90c19f1bf8"
  integrity sha512-HNjmfLQEVRZmHRET336f20H/8kOozUGwk7yajvsonjNxbj2wBTK1WsQuHkD5yYh9RxFGL2EyDHryOihOwUoKDA==
  dependencies:
    detect-libc "^1.0.3"
    is-glob "^4.0.3"
    micromatch "^4.0.5"
    node-addon-api "^7.0.0"
  optionalDependencies:
    "@parcel/watcher-android-arm64" "2.4.1"
    "@parcel/watcher-darwin-arm64" "2.4.1"
    "@parcel/watcher-darwin-x64" "2.4.1"
    "@parcel/watcher-freebsd-x64" "2.4.1"
    "@parcel/watcher-linux-arm-glibc" "2.4.1"
    "@parcel/watcher-linux-arm64-glibc" "2.4.1"
    "@parcel/watcher-linux-arm64-musl" "2.4.1"
    "@parcel/watcher-linux-x64-glibc" "2.4.1"
    "@parcel/watcher-linux-x64-musl" "2.4.1"
    "@parcel/watcher-win32-arm64" "2.4.1"
    "@parcel/watcher-win32-ia32" "2.4.1"
    "@parcel/watcher-win32-x64" "2.4.1"

"@parcel/workers@2.12.0":
  version "2.12.0"
  resolved "https://registry.yarnpkg.com/@parcel/workers/-/workers-2.12.0.tgz#773182b5006741102de8ae36d18a5a9e3320ebd1"
  integrity sha512-zv5We5Jmb+ZWXlU6A+AufyjY4oZckkxsZ8J4dvyWL0W8IQvGO1JB4FGeryyttzQv3RM3OxcN/BpTGPiDG6keBw==
  dependencies:
    "@parcel/diagnostic" "2.12.0"
    "@parcel/logger" "2.12.0"
    "@parcel/profiler" "2.12.0"
    "@parcel/types" "2.12.0"
    "@parcel/utils" "2.12.0"
    nullthrows "^1.1.1"

"@swc/core-darwin-arm64@1.5.7":
  version "1.5.7"
  resolved "https://registry.yarnpkg.com/@swc/core-darwin-arm64/-/core-darwin-arm64-1.5.7.tgz#2b5cdbd34e4162e50de6147dd1a5cb12d23b08e8"
  integrity sha512-bZLVHPTpH3h6yhwVl395k0Mtx8v6CGhq5r4KQdAoPbADU974Mauz1b6ViHAJ74O0IVE5vyy7tD3OpkQxL/vMDQ==

"@swc/core-darwin-x64@1.5.7":
  version "1.5.7"
  resolved "https://registry.yarnpkg.com/@swc/core-darwin-x64/-/core-darwin-x64-1.5.7.tgz#6aa7e3c01ab8e5e41597f8a24ff24c4e50936a46"
  integrity sha512-RpUyu2GsviwTc2qVajPL0l8nf2vKj5wzO3WkLSHAHEJbiUZk83NJrZd1RVbEknIMO7+Uyjh54hEh8R26jSByaw==

"@swc/core-linux-arm-gnueabihf@1.5.7":
  version "1.5.7"
  resolved "https://registry.yarnpkg.com/@swc/core-linux-arm-gnueabihf/-/core-linux-arm-gnueabihf-1.5.7.tgz#160108633b9e1d1ad05f815bedc7e9eb5d59fc2a"
  integrity sha512-cTZWTnCXLABOuvWiv6nQQM0hP6ZWEkzdgDvztgHI/+u/MvtzJBN5lBQ2lue/9sSFYLMqzqff5EHKlFtrJCA9dQ==

"@swc/core-linux-arm64-gnu@1.5.7":
  version "1.5.7"
  resolved "https://registry.yarnpkg.com/@swc/core-linux-arm64-gnu/-/core-linux-arm64-gnu-1.5.7.tgz#cbfa512683c73227ad25552f3b3e722b0e7fbd1d"
  integrity sha512-hoeTJFBiE/IJP30Be7djWF8Q5KVgkbDtjySmvYLg9P94bHg9TJPSQoC72tXx/oXOgXvElDe/GMybru0UxhKx4g==

"@swc/core-linux-arm64-musl@1.5.7":
  version "1.5.7"
  resolved "https://registry.yarnpkg.com/@swc/core-linux-arm64-musl/-/core-linux-arm64-musl-1.5.7.tgz#80239cb58fe57f3c86b44617fe784530ec55ee2b"
  integrity sha512-+NDhK+IFTiVK1/o7EXdCeF2hEzCiaRSrb9zD7X2Z7inwWlxAntcSuzZW7Y6BRqGQH89KA91qYgwbnjgTQ22PiQ==

"@swc/core-linux-x64-gnu@1.5.7":
  version "1.5.7"
  resolved "https://registry.yarnpkg.com/@swc/core-linux-x64-gnu/-/core-linux-x64-gnu-1.5.7.tgz#a699c1632de60b6a63b7fdb7abcb4fef317e57ca"
  integrity sha512-25GXpJmeFxKB+7pbY7YQLhWWjkYlR+kHz5I3j9WRl3Lp4v4UD67OGXwPe+DIcHqcouA1fhLhsgHJWtsaNOMBNg==

"@swc/core-linux-x64-musl@1.5.7":
  version "1.5.7"
  resolved "https://registry.yarnpkg.com/@swc/core-linux-x64-musl/-/core-linux-x64-musl-1.5.7.tgz#8e4c203d6bc41e7f85d7d34d0fdf4ef751fa626c"
  integrity sha512-0VN9Y5EAPBESmSPPsCJzplZHV26akC0sIgd3Hc/7S/1GkSMoeuVL+V9vt+F/cCuzr4VidzSkqftdP3qEIsXSpg==

"@swc/core-win32-arm64-msvc@1.5.7":
  version "1.5.7"
  resolved "https://registry.yarnpkg.com/@swc/core-win32-arm64-msvc/-/core-win32-arm64-msvc-1.5.7.tgz#31e3d42b8c0aa79f0ea1a980c0dd1a999d378ed7"
  integrity sha512-RtoNnstBwy5VloNCvmvYNApkTmuCe4sNcoYWpmY7C1+bPR+6SOo8im1G6/FpNem8AR5fcZCmXHWQ+EUmRWJyuA==

"@swc/core-win32-ia32-msvc@1.5.7":
  version "1.5.7"
  resolved "https://registry.yarnpkg.com/@swc/core-win32-ia32-msvc/-/core-win32-ia32-msvc-1.5.7.tgz#a235285f9f62850aefcf9abb03420f2c54f63638"
  integrity sha512-Xm0TfvcmmspvQg1s4+USL3x8D+YPAfX2JHygvxAnCJ0EHun8cm2zvfNBcsTlnwYb0ybFWXXY129aq1wgFC9TpQ==

"@swc/core-win32-x64-msvc@1.5.7":
  version "1.5.7"
  resolved "https://registry.yarnpkg.com/@swc/core-win32-x64-msvc/-/core-win32-x64-msvc-1.5.7.tgz#f84641393b5223450d00d97bfff877b8b69d7c9b"
  integrity sha512-tp43WfJLCsKLQKBmjmY/0vv1slVywR5Q4qKjF5OIY8QijaEW7/8VwPyUyVoJZEnDgv9jKtUTG5PzqtIYPZGnyg==

"@swc/core@^1.3.36":
  version "1.5.7"
  resolved "https://registry.yarnpkg.com/@swc/core/-/core-1.5.7.tgz#e1db7b9887d5f34eb4a3256a738d0c5f1b018c33"
  integrity sha512-U4qJRBefIJNJDRCCiVtkfa/hpiZ7w0R6kASea+/KLp+vkus3zcLSB8Ub8SvKgTIxjWpwsKcZlPf5nrv4ls46SQ==
  dependencies:
    "@swc/counter" "^0.1.2"
    "@swc/types" "0.1.7"
  optionalDependencies:
    "@swc/core-darwin-arm64" "1.5.7"
    "@swc/core-darwin-x64" "1.5.7"
    "@swc/core-linux-arm-gnueabihf" "1.5.7"
    "@swc/core-linux-arm64-gnu" "1.5.7"
    "@swc/core-linux-arm64-musl" "1.5.7"
    "@swc/core-linux-x64-gnu" "1.5.7"
    "@swc/core-linux-x64-musl" "1.5.7"
    "@swc/core-win32-arm64-msvc" "1.5.7"
    "@swc/core-win32-ia32-msvc" "1.5.7"
    "@swc/core-win32-x64-msvc" "1.5.7"

"@swc/counter@^0.1.2", "@swc/counter@^0.1.3":
  version "0.1.3"
  resolved "https://registry.yarnpkg.com/@swc/counter/-/counter-0.1.3.tgz#cc7463bd02949611c6329596fccd2b0ec782b0e9"
  integrity sha512-e2BR4lsJkkRlKZ/qCHPw9ZaSxc0MVUd7gtbtaB7aMvHeJVYe8sOB8DBZkP2DtISHGSku9sCK6T6cnY0CtXrOCQ==

"@swc/types@0.1.7":
  version "0.1.7"
  resolved "https://registry.yarnpkg.com/@swc/types/-/types-0.1.7.tgz#ea5d658cf460abff51507ca8d26e2d391bafb15e"
  integrity sha512-scHWahbHF0eyj3JsxG9CFJgFdFNaVQCNAimBlT6PzS3n/HptxqREjsm4OH6AN3lYcffZYSPxXW8ua2BEHp0lJQ==
  dependencies:
    "@swc/counter" "^0.1.3"

ansi-styles@^4.1.0:
  version "4.3.0"
  resolved "https://registry.yarnpkg.com/ansi-styles/-/ansi-styles-4.3.0.tgz#edd803628ae71c04c85ae7a0906edad34b648937"
  integrity sha512-zbB9rCJAT1rbjiVDb2hqKFHNYLxgtk8NURxZ3IZwD3F6NtxbXZQCnnSi1Lkx+IDohdPlFp222wVALIheZJQSEg==
  dependencies:
    color-convert "^2.0.1"

braces@^3.0.2:
  version "3.0.2"
  resolved "https://registry.yarnpkg.com/braces/-/braces-3.0.2.tgz#3454e1a462ee8d599e236df336cd9ea4f8afe107"
  integrity sha512-b8um+L1RzM3WDSzvhm6gIz1yfTbBt6YTlcEKAvsmqCZZFw46z626lVj9j1yEPW33H5H+lBQpZMP1k8l+78Ha0A==
  dependencies:
    fill-range "^7.0.1"

chalk@^4.1.0:
  version "4.1.2"
  resolved "https://registry.yarnpkg.com/chalk/-/chalk-4.1.2.tgz#aac4e2b7734a740867aeb16bf02aad556a1e7a01"
  integrity sha512-oKnbhFyRIXpUuez8iBMmyEa4nbj4IOQyuhc/wy9kY7/WVPcwIO9VA668Pu8RkO7+0G76SLROeyw9CpQ061i4mA==
  dependencies:
    ansi-styles "^4.1.0"
    supports-color "^7.1.0"

chrome-trace-event@^1.0.2:
  version "1.0.3"
  resolved "https://registry.yarnpkg.com/chrome-trace-event/-/chrome-trace-event-1.0.3.tgz#1015eced4741e15d06664a957dbbf50d041e26ac"
  integrity sha512-p3KULyQg4S7NIHixdwbGX+nFHkoBiA4YQmyWtjb8XngSKV124nJmRysgAeujbUVb15vh+RvFUfCPqU7rXk+hZg==

color-convert@^2.0.1:
  version "2.0.1"
  resolved "https://registry.yarnpkg.com/color-convert/-/color-convert-2.0.1.tgz#72d3a68d598c9bdb3af2ad1e84f21d896abd4de3"
  integrity sha512-RRECPsj7iu/xb5oKYcsFHSppFNnsj/52OVTRKb4zP5onXwVF3zVmmToNcOfGC+CRDpfK/U584fMg38ZHCaElKQ==
  dependencies:
    color-name "~1.1.4"

color-name@~1.1.4:
  version "1.1.4"
  resolved "https://registry.yarnpkg.com/color-name/-/color-name-1.1.4.tgz#c2a09a87acbde69543de6f63fa3995c826c536a2"
  integrity sha512-dOy+3AuW3a2wNbZHIuMZpTcgjGuLU/uBL/ubcZF9OXbDo8ff4O8yVp5Bf0efS8uEoYo5q4Fx7dY9OgQGXgAsQA==

detect-libc@^1.0.3:
  version "1.0.3"
  resolved "https://registry.yarnpkg.com/detect-libc/-/detect-libc-1.0.3.tgz#fa137c4bd698edf55cd5cd02ac559f91a4c4ba9b"
  integrity sha512-pGjwhsmsp4kL2RTz08wcOlGN83otlqHeD/Z5T8GXZB+/YcpQ/dgo+lbU8ZsGxV0HIvqqxo9l7mqYwyYMD9bKDg==

detect-libc@^2.0.1:
  version "2.0.3"
  resolved "https://registry.yarnpkg.com/detect-libc/-/detect-libc-2.0.3.tgz#f0cd503b40f9939b894697d19ad50895e30cf700"
  integrity sha512-bwy0MGW55bG41VqxxypOsdSdGqLwXPI/focwgTYCFMbdUiBAxLg9CFzG08sz2aqzknwiX7Hkl0bQENjg8iLByw==

fill-range@^7.0.1:
  version "7.0.1"
  resolved "https://registry.yarnpkg.com/fill-range/-/fill-range-7.0.1.tgz#1919a6a7c75fe38b2c7c77e5198535da9acdda40"
  integrity sha512-qOo9F+dMUmC2Lcb4BbVvnKJxTPjCm+RRpe4gDuGrzkL7mEVl/djYSu2OdQ2Pa302N4oqkSg9ir6jaLWJ2USVpQ==
  dependencies:
    to-regex-range "^5.0.1"

has-flag@^4.0.0:
  version "4.0.0"
  resolved "https://registry.yarnpkg.com/has-flag/-/has-flag-4.0.0.tgz#944771fd9c81c81265c4d6941860da06bb59479b"
  integrity sha512-EykJT/Q1KjTWctppgIAgfSO0tKVuZUjhgMr17kqTumMl6Afv3EISleU7qZUzoXDFTAHTDC4NOoG/ZxU3EvlMPQ==

is-extglob@^2.1.1:
  version "2.1.1"
  resolved "https://registry.yarnpkg.com/is-extglob/-/is-extglob-2.1.1.tgz#a88c02535791f02ed37c76a1b9ea9773c833f8c2"
  integrity sha512-SbKbANkN603Vi4jEZv49LeVJMn4yGwsbzZworEoyEiutsN3nJYdbO36zfhGJ6QEDpOZIFkDtnq5JRxmvl3jsoQ==

is-glob@^4.0.3:
  version "4.0.3"
  resolved "https://registry.yarnpkg.com/is-glob/-/is-glob-4.0.3.tgz#64f61e42cbbb2eec2071a9dac0b28ba1e65d5084"
  integrity sha512-xelSayHH36ZgE7ZWhli7pW34hNbNl8Ojv5KVmkJD4hBdD3th8Tfk9vYasLM+mXWOZhFkgZfxhLSnrwRr4elSSg==
  dependencies:
    is-extglob "^2.1.1"

is-number@^7.0.0:
  version "7.0.0"
  resolved "https://registry.yarnpkg.com/is-number/-/is-number-7.0.0.tgz#7535345b896734d5f80c4d06c50955527a14f12b"
  integrity sha512-41Cifkg6e8TylSpdtTpeLVMqvSBEVzTttHvERD741+pnZ8ANv0004MRL43QKPDlK9cGvNp6NZWZUBlbGXYxxng==

json5@^2.2.1:
  version "2.2.3"
  resolved "https://registry.yarnpkg.com/json5/-/json5-2.2.3.tgz#78cd6f1a19bdc12b73db5ad0c61efd66c1e29283"
  integrity sha512-XmOWe7eyHYH14cLdVPoyg+GOH3rYX++KpzrylJwSW98t3Nk+U8XOl8FWKOgwtzdb8lXGf6zYwDUzeHMWfxasyg==

lmdb@2.8.5:
  version "2.8.5"
  resolved "https://registry.yarnpkg.com/lmdb/-/lmdb-2.8.5.tgz#ce191110c755c0951caa062722e300c703973837"
  integrity sha512-9bMdFfc80S+vSldBmG3HOuLVHnxRdNTlpzR6QDnzqCQtCzGUEAGTzBKYMeIM+I/sU4oZfgbcbS7X7F65/z/oxQ==
  dependencies:
    msgpackr "^1.9.5"
    node-addon-api "^6.1.0"
    node-gyp-build-optional-packages "5.1.1"
    ordered-binary "^1.4.1"
    weak-lru-cache "^1.2.2"
  optionalDependencies:
    "@lmdb/lmdb-darwin-arm64" "2.8.5"
    "@lmdb/lmdb-darwin-x64" "2.8.5"
    "@lmdb/lmdb-linux-arm" "2.8.5"
    "@lmdb/lmdb-linux-arm64" "2.8.5"
    "@lmdb/lmdb-linux-x64" "2.8.5"
    "@lmdb/lmdb-win32-x64" "2.8.5"

micromatch@^4.0.5:
  version "4.0.5"
  resolved "https://registry.yarnpkg.com/micromatch/-/micromatch-4.0.5.tgz#bc8999a7cbbf77cdc89f132f6e467051b49090c6"
  integrity sha512-DMy+ERcEW2q8Z2Po+WNXuw3c5YaUSFjAO5GsJqfEl7UjvtIuFKO6ZrKvcItdy98dwFI2N1tg3zNIdKaQT+aNdA==
  dependencies:
    braces "^3.0.2"
    picomatch "^2.3.1"

msgpackr-extract@^3.0.2:
  version "3.0.2"
  resolved "https://registry.yarnpkg.com/msgpackr-extract/-/msgpackr-extract-3.0.2.tgz#e05ec1bb4453ddf020551bcd5daaf0092a2c279d"
  integrity sha512-SdzXp4kD/Qf8agZ9+iTu6eql0m3kWm1A2y1hkpTeVNENutaB0BwHlSvAIaMxwntmRUAUjon2V4L8Z/njd0Ct8A==
  dependencies:
    node-gyp-build-optional-packages "5.0.7"
  optionalDependencies:
    "@msgpackr-extract/msgpackr-extract-darwin-arm64" "3.0.2"
    "@msgpackr-extract/msgpackr-extract-darwin-x64" "3.0.2"
    "@msgpackr-extract/msgpackr-extract-linux-arm" "3.0.2"
    "@msgpackr-extract/msgpackr-extract-linux-arm64" "3.0.2"
    "@msgpackr-extract/msgpackr-extract-linux-x64" "3.0.2"
    "@msgpackr-extract/msgpackr-extract-win32-x64" "3.0.2"

msgpackr@^1.9.5:
  version "1.10.2"
  resolved "https://registry.yarnpkg.com/msgpackr/-/msgpackr-1.10.2.tgz#a73de4767f76659e8c69cf9c80fdfce83937a44a"
  integrity sha512-L60rsPynBvNE+8BWipKKZ9jHcSGbtyJYIwjRq0VrIvQ08cRjntGXJYW/tmciZ2IHWIY8WEW32Qa2xbh5+SKBZA==
  optionalDependencies:
    msgpackr-extract "^3.0.2"

node-addon-api@^6.1.0:
  version "6.1.0"
  resolved "https://registry.yarnpkg.com/node-addon-api/-/node-addon-api-6.1.0.tgz#ac8470034e58e67d0c6f1204a18ae6995d9c0d76"
  integrity sha512-+eawOlIgy680F0kBzPUNFhMZGtJ1YmqM6l4+Crf4IkImjYrO/mqPwRMh352g23uIaQKFItcQ64I7KMaJxHgAVA==

node-addon-api@^7.0.0:
  version "7.1.0"
  resolved "https://registry.yarnpkg.com/node-addon-api/-/node-addon-api-7.1.0.tgz#71f609369379c08e251c558527a107107b5e0fdb"
  integrity sha512-mNcltoe1R8o7STTegSOHdnJNN7s5EUvhoS7ShnTHDyOSd+8H+UdWODq6qSv67PjC8Zc5JRT8+oLAMCr0SIXw7g==

node-gyp-build-optional-packages@5.0.7:
  version "5.0.7"
  resolved "https://registry.yarnpkg.com/node-gyp-build-optional-packages/-/node-gyp-build-optional-packages-5.0.7.tgz#5d2632bbde0ab2f6e22f1bbac2199b07244ae0b3"
  integrity sha512-YlCCc6Wffkx0kHkmam79GKvDQ6x+QZkMjFGrIMxgFNILFvGSbCp2fCBC55pGTT9gVaz8Na5CLmxt/urtzRv36w==

node-gyp-build-optional-packages@5.1.1:
  version "5.1.1"
  resolved "https://registry.yarnpkg.com/node-gyp-build-optional-packages/-/node-gyp-build-optional-packages-5.1.1.tgz#52b143b9dd77b7669073cbfe39e3f4118bfc603c"
  integrity sha512-+P72GAjVAbTxjjwUmwjVrqrdZROD4nf8KgpBoDxqXXTiYZZt/ud60dE5yvCSr9lRO8e8yv6kgJIC0K0PfZFVQw==
  dependencies:
    detect-libc "^2.0.1"

nullthrows@^1.1.1:
  version "1.1.1"
  resolved "https://registry.yarnpkg.com/nullthrows/-/nullthrows-1.1.1.tgz#7818258843856ae971eae4208ad7d7eb19a431b1"
  integrity sha512-2vPPEi+Z7WqML2jZYddDIfy5Dqb0r2fze2zTxNNknZaFpVHU3mFB3R+DWeJWGVx0ecvttSGlJTI+WG+8Z4cDWw==

ordered-binary@^1.4.1:
  version "1.5.1"
  resolved "https://registry.yarnpkg.com/ordered-binary/-/ordered-binary-1.5.1.tgz#94ccbf14181711081ee23931db0dc3f58aaa0df6"
  integrity sha512-5VyHfHY3cd0iza71JepYG50My+YUbrFtGoUz2ooEydPyPM7Aai/JW098juLr+RG6+rDJuzNNTsEQu2DZa1A41A==

picomatch@^2.3.1:
  version "2.3.1"
  resolved "https://registry.yarnpkg.com/picomatch/-/picomatch-2.3.1.tgz#3ba3833733646d9d3e4995946c1365a67fb07a42"
  integrity sha512-JU3teHTNjmE2VCGFzuY8EXzCDVwEqB2a8fsIvwaStHhAWJEeVd1o1QD80CU6+ZdEXXSLbSsuLwJjkCBWqRQUVA==

semver@^7.5.2:
  version "7.6.2"
  resolved "https://registry.yarnpkg.com/semver/-/semver-7.6.2.tgz#1e3b34759f896e8f14d6134732ce798aeb0c6e13"
  integrity sha512-FNAIBWCx9qcRhoHcgcJ0gvU7SN1lYU2ZXuSfl04bSC5OpvDHFyJCjdNHomPXxjQlCBU67YW64PzY7/VIEH7F2w==

supports-color@^7.1.0:
  version "7.2.0"
  resolved "https://registry.yarnpkg.com/supports-color/-/supports-color-7.2.0.tgz#1b7dcdcb32b8138801b3e478ba6a51caa89648da"
  integrity sha512-qpCAvRl9stuOHveKsn7HncJRvv501qIacKzQlO/+Lwxc9+0q2wLyv4Dfvt80/DPn2pqOBsJdDiogXGR9+OvwRw==
  dependencies:
    has-flag "^4.0.0"

to-regex-range@^5.0.1:
  version "5.0.1"
  resolved "https://registry.yarnpkg.com/to-regex-range/-/to-regex-range-5.0.1.tgz#1648c44aae7c8d988a326018ed72f5b4dd0392e4"
  integrity sha512-65P7iz6X5yEr1cwcgvQxbbIw7Uk3gOy5dIdtZ4rDveLqhrdJP+Li/Hx6tyK0NEb+2GCyneCMJiGqrADCSNk8sQ==
  dependencies:
    is-number "^7.0.0"

utility-types@^3.10.0:
  version "3.11.0"
  resolved "https://registry.yarnpkg.com/utility-types/-/utility-types-3.11.0.tgz#607c40edb4f258915e901ea7995607fdf319424c"
  integrity sha512-6Z7Ma2aVEWisaL6TvBCy7P8rm2LQoPv6dJ7ecIaIixHcwfbJ0x7mWdbcwlIM5IGQxPZSFYeqRCqlOOeKoJYMkw==

weak-lru-cache@^1.2.2:
  version "1.2.2"
  resolved "https://registry.yarnpkg.com/weak-lru-cache/-/weak-lru-cache-1.2.2.tgz#fdbb6741f36bae9540d12f480ce8254060dccd19"
  integrity sha512-DEAoo25RfSYMuTGc9vPJzZcZullwIqRDSI9LOy+fkCJPi6hykCnfKaXTuPBDuXAUcqHXyOgFtHNp/kB2FjYHbw==
